
Microsoft Visual Studio Solution File, Format Version 12.00
# Visual Studio Version 16
VisualStudioVersion = 16.0.31729.503
MinimumVisualStudioVersion = 10.0.40219.1
Project("{FAE04EC0-301F-11D3-BF4B-00C04F79EFBC}") = "Nortwind_ETicaret", "Nortwind DB-First\Nortwind_ETicaret.csproj", "{DB1BDDA5-A4AB-4C81-A005-5A7EA619995B}"
EndProject
Global
	GlobalSection(SolutionConfigurationPlatforms) = preSolution
		Debug|Any CPU = Debug|Any CPU
		Release|Any CPU = Release|Any CPU
	EndGlobalSection
	GlobalSection(ProjectConfigurationPlatforms) = postSolution
		{DB1BDDA5-A4AB-4C81-A005-5A7EA619995B}.Debug|Any CPU.ActiveCfg = Debug|Any CPU
		{DB1BDDA5-A4AB-4C81-A005-5A7EA619995B}.Debug|Any CPU.Build.0 = Debug|Any CPU
		{DB1BDDA5-A4AB-4C81-A005-5A7EA619995B}.Release|Any CPU.ActiveCfg = Release|Any CPU
		{DB1BDDA5-A4AB-4C81-A005-5A7EA619995B}.Release|Any CPU.Build.0 = Release|Any CPU
	EndGlobalSection
	GlobalSection(SolutionProperties) = preSolution
		HideSolutionNode = FALSE
	EndGlobalSection
	GlobalSection(ExtensibilityGlobals) = postSolution
		SolutionGuid = {57AAA970-D8BE-4DF7-ABE4-09EE02222653}
	EndGlobalSection
EndGlobal
